
Microsoft Visual Studio Solution File, Format Version 12.00
# Visual Studio Version 17
VisualStudioVersion = 17.5.33516.290
MinimumVisualStudioVersion = 10.0.40219.1
Project("{8BC9CEB8-8B4A-11D0-8D11-00A0C91BC942}") = "LinierSearch_097", "LinierSearch_097.vcxproj", "{3DF771D2-DC75-447F-A028-F9820025E8BC}"
EndProject
Global
	GlobalSection(SolutionConfigurationPlatforms) = preSolution
		Debug|x64 = Debug|x64
		Debug|x86 = Debug|x86
		Release|x64 = Release|x64
		Release|x86 = Release|x86
	EndGlobalSection
	GlobalSection(ProjectConfigurationPlatforms) = postSolution
		{3DF771D2-DC75-447F-A028-F9820025E8BC}.Debug|x64.ActiveCfg = Debug|x64
		{3DF771D2-DC75-447F-A028-F9820025E8BC}.Debug|x64.Build.0 = Debug|x64
		{3DF771D2-DC75-447F-A028-F9820025E8BC}.Debug|x86.ActiveCfg = Debug|Win32
		{3DF771D2-DC75-447F-A028-F9820025E8BC}.Debug|x86.Build.0 = Debug|Win32
		{3DF771D2-DC75-447F-A028-F9820025E8BC}.Release|x64.ActiveCfg = Release|x64
		{3DF771D2-DC75-447F-A028-F9820025E8BC}.Release|x64.Build.0 = Release|x64
		{3DF771D2-DC75-447F-A028-F9820025E8BC}.Release|x86.ActiveCfg = Release|Win32
		{3DF771D2-DC75-447F-A028-F9820025E8BC}.Release|x86.Build.0 = Release|Win32
	EndGlobalSection
	GlobalSection(SolutionProperties) = preSolution
		HideSolutionNode = FALSE
	EndGlobalSection
	GlobalSection(ExtensibilityGlobals) = postSolution
		SolutionGuid = {E9944D9D-7EC1-4284-87DF-DDF3FB205353}
	EndGlobalSection
EndGlobal
